
Microsoft Visual Studio Solution File, Format Version 12.00
# Visual Studio Version 17
VisualStudioVersion = 17.13.35919.96 d17.13
MinimumVisualStudioVersion = 10.0.40219.1
Project("{FAE04EC0-301F-11D3-BF4B-00C04F79EFBC}") = "bluesky", "bluesky\bluesky.csproj", "{C20D1E59-80CF-42B4-BFD5-004DC06035AE}"
EndProject
Global
	GlobalSection(SolutionConfigurationPlatforms) = preSolution
		Debug|Any CPU = Debug|Any CPU
		Release|Any CPU = Release|Any CPU
	EndGlobalSection
	GlobalSection(ProjectConfigurationPlatforms) = postSolution
		{C20D1E59-80CF-42B4-BFD5-004DC06035AE}.Debug|Any CPU.ActiveCfg = Debug|Any CPU
		{C20D1E59-80CF-42B4-BFD5-004DC06035AE}.Debug|Any CPU.Build.0 = Debug|Any CPU
		{C20D1E59-80CF-42B4-BFD5-004DC06035AE}.Release|Any CPU.ActiveCfg = Release|Any CPU
		{C20D1E59-80CF-42B4-BFD5-004DC06035AE}.Release|Any CPU.Build.0 = Release|Any CPU
	EndGlobalSection
	GlobalSection(SolutionProperties) = preSolution
		HideSolutionNode = FALSE
	EndGlobalSection
	GlobalSection(ExtensibilityGlobals) = postSolution
		SolutionGuid = {03AC3391-658A-429A-806B-9A08590DA72B}
	EndGlobalSection
EndGlobal
